
Microsoft Visual Studio Solution File, Format Version 12.00
# Visual Studio Version 16
VisualStudioVersion = 16.0.30225.117
MinimumVisualStudioVersion = 10.0.40219.1
Project("{9A19103F-16F7-4668-BE54-9A1E7A4F7556}") = "ECommerce", "ECommerce\ECommerce.csproj", "{FAC8EAE0-EB0D-45FC-B750-6FC108B4257A}"
EndProject
Project("{9A19103F-16F7-4668-BE54-9A1E7A4F7556}") = "ECommerceTests", "ECommerceTests\ECommerceTests.csproj", "{4A8E663E-4575-4EA8-9256-6EC2B6AE3407}"
EndProject
Global
	GlobalSection(SolutionConfigurationPlatforms) = preSolution
		Debug|Any CPU = Debug|Any CPU
		Release|Any CPU = Release|Any CPU
	EndGlobalSection
	GlobalSection(ProjectConfigurationPlatforms) = postSolution
		{FAC8EAE0-EB0D-45FC-B750-6FC108B4257A}.Debug|Any CPU.ActiveCfg = Debug|Any CPU
		{FAC8EAE0-EB0D-45FC-B750-6FC108B4257A}.Debug|Any CPU.Build.0 = Debug|Any CPU
		{FAC8EAE0-EB0D-45FC-B750-6FC108B4257A}.Release|Any CPU.ActiveCfg = Release|Any CPU
		{FAC8EAE0-EB0D-45FC-B750-6FC108B4257A}.Release|Any CPU.Build.0 = Release|Any CPU
		{4A8E663E-4575-4EA8-9256-6EC2B6AE3407}.Debug|Any CPU.ActiveCfg = Debug|Any CPU
		{4A8E663E-4575-4EA8-9256-6EC2B6AE3407}.Debug|Any CPU.Build.0 = Debug|Any CPU
		{4A8E663E-4575-4EA8-9256-6EC2B6AE3407}.Release|Any CPU.ActiveCfg = Release|Any CPU
		{4A8E663E-4575-4EA8-9256-6EC2B6AE3407}.Release|Any CPU.Build.0 = Release|Any CPU
	EndGlobalSection
	GlobalSection(SolutionProperties) = preSolution
		HideSolutionNode = FALSE
	EndGlobalSection
	GlobalSection(ExtensibilityGlobals) = postSolution
		SolutionGuid = {522DA584-A62E-457B-86E0-CF0DF3601FE9}
	EndGlobalSection
EndGlobal
